PODS:
  - Alamofire (4.7.3)
  - EVReflection/Alamofire (5.7.0):
    - Alamofire
    - EVReflection/Core
  - EVReflection/Core (5.7.0)

DEPENDENCIES:
  - Alamofire (~> 4.7.3)
  - EVReflection/Alamofire (~> 5.7.0)

SPEC REPOS:
  https://github.com/cocoapods/specs.git:
    - Alamofire
    - EVReflection

SPEC CHECKSUMS:
  Alamofire: c7287b6e5d7da964a70935e5db17046b7fde6568
  EVReflection: c579d225cf0ec062d80f35f5af82acd770016a76

PODFILE CHECKSUM: 8f7db13cdde9650ee4a358a16c9dcf3f460ec806

COCOAPODS: 1.5.3
