// !$*UTF8*$!
{
	archiveVersion = 1;
	classes = {
	};
	objectVersion = 50;
	objects = {

/* Begin PBXBuildFile section */
		22D7E912665B3C16F4CD5EE4 /* Pods_tutorialBasic.framework in Frameworks */ = {isa = PBXBuildFile; fileRef = 8ACBD394F7CB5CBA28EC3CA0 /* Pods_tutorialBasic.framework */; };
		ABEAC167216DB90D001A1713 /* AppDelegate.swift in Sources */ = {isa = PBXBuildFile; fileRef = ABEAC166216DB90D001A1713 /* AppDelegate.swift */; };
		ABEAC169216DB90D001A1713 /* ViewController.swift in Sources */ = {isa = PBXBuildFile; fileRef = ABEAC168216DB90D001A1713 /* ViewController.swift */; };
		ABEAC16C216DB90D001A1713 /* Main.storyboard in Resources */ = {isa = PBXBuildFile; fileRef = ABEAC16A216DB90D001A1713 /* Main.storyboard */; };
		ABEAC16E216DB90F001A1713 /* Assets.xcassets in Resources */ = {isa = PBXBuildFile; fileRef = ABEAC16D216DB90F001A1713 /* Assets.xcassets */; };
		ABEAC171216DB90F001A1713 /* LaunchScreen.storyboard in Resources */ = {isa = PBXBuildFile; fileRef = ABEAC16F216DB90F001A1713 /* LaunchScreen.storyboard */; };
		ABEAC179216DBB81001A1713 /* LoginResource.swift in Sources */ = {isa = PBXBuildFile; fileRef = ABEAC178216DBB81001A1713 /* LoginResource.swift */; };
/* End PBXBuildFile section */

/* Begin PBXFileReference section */
		2D1A6A8F37D4B401687341F6 /* Pods-tutorialBasic.release.xcconfig */ = {isa = PBXFileReference; includeInIndex = 1; lastKnownFileType = text.xcconfig; name = "Pods-tutorialBasic.release.xcconfig"; path = "Pods/Target Support Files/Pods-tutorialBasic/Pods-tutorialBasic.release.xcconfig"; sourceTree = "<group>"; };
		8ACBD394F7CB5CBA28EC3CA0 /* Pods_tutorialBasic.framework */ = {isa = PBXFileReference; explicitFileType = wrapper.framework; includeInIndex = 0; path = Pods_tutorialBasic.framework; sourceTree = BUILT_PRODUCTS_DIR; };
		ABEAC163216DB90D001A1713 /* tutorialBasic.app */ = {isa = PBXFileReference; explicitFileType = wrapper.application; includeInIndex = 0; path = tutorialBasic.app; sourceTree = BUILT_PRODUCTS_DIR; };
		ABEAC166216DB90D001A1713 /* AppDelegate.swift */ = {isa = PBXFileReference; lastKnownFileType = sourcecode.swift; path = AppDelegate.swift; sourceTree = "<group>"; };
		ABEAC168216DB90D001A1713 /* ViewController.swift */ = {isa = PBXFileReference; lastKnownFileType = sourcecode.swift; path = ViewController.swift; sourceTree = "<group>"; };
		ABEAC16B216DB90D001A1713 /* Base */ = {isa = PBXFileReference; lastKnownFileType = file.storyboard; name = Base; path = Base.lproj/Main.storyboard; sourceTree = "<group>"; };
		ABEAC16D216DB90F001A1713 /* Assets.xcassets */ = {isa = PBXFileReference; lastKnownFileType = folder.assetcatalog; path = Assets.xcassets; sourceTree = "<group>"; };
		ABEAC170216DB90F001A1713 /* Base */ = {isa = PBXFileReference; lastKnownFileType = file.storyboard; name = Base; path = Base.lproj/LaunchScreen.storyboard; sourceTree = "<group>"; };
		ABEAC172216DB90F001A1713 /* Info.plist */ = {isa = PBXFileReference; lastKnownFileType = text.plist.xml; path = Info.plist; sourceTree = "<group>"; };
		ABEAC178216DBB81001A1713 /* LoginResource.swift */ = {isa = PBXFileReference; fileEncoding = 4; lastKnownFileType = sourcecode.swift; path = LoginResource.swift; sourceTree = "<group>"; };
		F2D7EEA555F83C079864DA36 /* Pods-tutorialBasic.debug.xcconfig */ = {isa = PBXFileReference; includeInIndex = 1; lastKnownFileType = text.xcconfig; name = "Pods-tutorialBasic.debug.xcconfig"; path = "Pods/Target Support Files/Pods-tutorialBasic/Pods-tutorialBasic.debug.xcconfig"; sourceTree = "<group>"; };
/* End PBXFileReference section */

/* Begin PBXFrameworksBuildPhase section */
		ABEAC160216DB90D001A1713 /* Frameworks */ = {
			isa = PBXFrameworksBuildPhase;
			buildActionMask = 2147483647;
			files = (
				22D7E912665B3C16F4CD5EE4 /* Pods_tutorialBasic.framework in Frameworks */,
			);
			runOnlyForDeploymentPostprocessing = 0;
		};
/* End PBXFrameworksBuildPhase section */

/* Begin PBXGroup section */
		4E21D84579CF2F70A3C71456 /* Pods */ = {
			isa = PBXGroup;
			children = (
				F2D7EEA555F83C079864DA36 /* Pods-tutorialBasic.debug.xcconfig */,
				2D1A6A8F37D4B401687341F6 /* Pods-tutorialBasic.release.xcconfig */,
			);
			name = Pods;
			sourceTree = "<group>";
		};
		6CA648B63E74DE22FC081EFC /* Frameworks */ = {
			isa = PBXGroup;
			children = (
				8ACBD394F7CB5CBA28EC3CA0 /* Pods_tutorialBasic.framework */,
			);
			name = Frameworks;
			sourceTree = "<group>";
		};
		ABEAC15A216DB90D001A1713 = {
			isa = PBXGroup;
			children = (
				ABEAC165216DB90D001A1713 /* tutorialBasic */,
				ABEAC164216DB90D001A1713 /* Products */,
				4E21D84579CF2F70A3C71456 /* Pods */,
				6CA648B63E74DE22FC081EFC /* Frameworks */,
			);
			sourceTree = "<group>";
		};
		ABEAC164216DB90D001A1713 /* Products */ = {
			isa = PBXGroup;
			children = (
				ABEAC163216DB90D001A1713 /* tutorialBasic.app */,
			);
			name = Products;
			sourceTree = "<group>";
		};
		ABEAC165216DB90D001A1713 /* tutorialBasic */ = {
			isa = PBXGroup;
			children = (
				ABEAC166216DB90D001A1713 /* AppDelegate.swift */,
				ABEAC178216DBB81001A1713 /* LoginResource.swift */,
				ABEAC168216DB90D001A1713 /* ViewController.swift */,
				ABEAC16A216DB90D001A1713 /* Main.storyboard */,
				ABEAC16D216DB90F001A1713 /* Assets.xcassets */,
				ABEAC16F216DB90F001A1713 /* LaunchScreen.storyboard */,
				ABEAC172216DB90F001A1713 /* Info.plist */,
			);
			path = tutorialBasic;
			sourceTree = "<group>";
		};
/* End PBXGroup section */

/* Begin PBXNativeTarget section */
		ABEAC162216DB90D001A1713 /* tutorialBasic */ = {
			isa = PBXNativeTarget;
			buildConfigurationList = ABEAC175216DB90F001A1713 /* Build configuration list for PBXNativeTarget "tutorialBasic" */;
			buildPhases = (
				D8C94307D2B11A43857005B7 /* [CP] Check Pods Manifest.lock */,
				ABEAC15F216DB90D001A1713 /* Sources */,
				ABEAC160216DB90D001A1713 /* Frameworks */,
				ABEAC161216DB90D001A1713 /* Resources */,
				B489FD63E2BD7434819C660E /* [CP] Embed Pods Frameworks */,
			);
			buildRules = (
			);
			dependencies = (
			);
			name = tutorialBasic;
			productName = tutorialBasic;
			productReference = ABEAC163216DB90D001A1713 /* tutorialBasic.app */;
			productType = "com.apple.product-type.application";
		};
/* End PBXNativeTarget section */

/* Begin PBXProject section */
		ABEAC15B216DB90D001A1713 /* Project object */ = {
			isa = PBXProject;
			attributes = {
				LastSwiftUpdateCheck = 0940;
				LastUpgradeCheck = 0940;
				ORGANIZATIONNAME = InformatixPlusCompanyLimited;
				TargetAttributes = {
					ABEAC162216DB90D001A1713 = {
						CreatedOnToolsVersion = 9.4.1;
					};
				};
			};
			buildConfigurationList = ABEAC15E216DB90D001A1713 /* Build configuration list for PBXProject "tutorialBasic" */;
			compatibilityVersion = "Xcode 9.3";
			developmentRegion = en;
			hasScannedForEncodings = 0;
			knownRegions = (
				en,
				Base,
			);
			mainGroup = ABEAC15A216DB90D001A1713;
			productRefGroup = ABEAC164216DB90D001A1713 /* Products */;
			projectDirPath = "";
			projectRoot = "";
			targets = (
				ABEAC162216DB90D001A1713 /* tutorialBasic */,
			);
		};
/* End PBXProject section */

/* Begin PBXResourcesBuildPhase section */
		ABEAC161216DB90D001A1713 /* Resources */ = {
			isa = PBXResourcesBuildPhase;
			buildActionMask = 2147483647;
			files = (
				ABEAC171216DB90F001A1713 /* LaunchScreen.storyboard in Resources */,
				ABEAC16E216DB90F001A1713 /* Assets.xcassets in Resources */,
				ABEAC16C216DB90D001A1713 /* Main.storyboard in Resources */,
			);
			runOnlyForDeploymentPostprocessing = 0;
		};
/* End PBXResourcesBuildPhase section */

/* Begin PBXShellScriptBuildPhase section */
		B489FD63E2BD7434819C660E /* [CP] Embed Pods Frameworks */ = {
			isa = PBXShellScriptBuildPhase;
			buildActionMask = 2147483647;
			files = (
			);
			inputPaths = (
				"${SRCROOT}/Pods/Target Support Files/Pods-tutorialBasic/Pods-tutorialBasic-frameworks.sh",
				"${BUILT_PRODUCTS_DIR}/Alamofire/Alamofire.framework",
				"${BUILT_PRODUCTS_DIR}/EVReflection/EVReflection.framework",
			);
			name = "[CP] Embed Pods Frameworks";
			outputPaths = (
				"${TARGET_BUILD_DIR}/${FRAMEWORKS_FOLDER_PATH}/Alamofire.framework",
				"${TARGET_BUILD_DIR}/${FRAMEWORKS_FOLDER_PATH}/EVReflection.framework",
			);
			runOnlyForDeploymentPostprocessing = 0;
			shellPath = /bin/sh;
			shellScript = "\"${SRCROOT}/Pods/Target Support Files/Pods-tutorialBasic/Pods-tutorialBasic-frameworks.sh\"\n";
			showEnvVarsInLog = 0;
		};
		D8C94307D2B11A43857005B7 /* [CP] Check Pods Manifest.lock */ = {
			isa = PBXShellScriptBuildPhase;
			buildActionMask = 2147483647;
			files = (
			);
			inputPaths = (
				"${PODS_PODFILE_DIR_PATH}/Podfile.lock",
				"${PODS_ROOT}/Manifest.lock",
			);
			name = "[CP] Check Pods Manifest.lock";
			outputPaths = (
				"$(DERIVED_FILE_DIR)/Pods-tutorialBasic-checkManifestLockResult.txt",
			);
			runOnlyForDeploymentPostprocessing = 0;
			shellPath = /bin/sh;
			shellScript = "diff \"${PODS_PODFILE_DIR_PATH}/Podfile.lock\" \"${PODS_ROOT}/Manifest.lock\" > /dev/null\nif [ $? != 0 ] ; then\n    # print error to STDERR\n    echo \"error: The sandbox is not in sync with the Podfile.lock. Run 'pod install' or update your CocoaPods installation.\" >&2\n    exit 1\nfi\n# This output is used by Xcode 'outputs' to avoid re-running this script phase.\necho \"SUCCESS\" > \"${SCRIPT_OUTPUT_FILE_0}\"\n";
			showEnvVarsInLog = 0;
		};
/* End PBXShellScriptBuildPhase section */

/* Begin PBXSourcesBuildPhase section */
		ABEAC15F216DB90D001A1713 /* Sources */ = {
			isa = PBXSourcesBuildPhase;
			buildActionMask = 2147483647;
			files = (
				ABEAC169216DB90D001A1713 /* ViewController.swift in Sources */,
				ABEAC179216DBB81001A1713 /* LoginResource.swift in Sources */,
				ABEAC167216DB90D001A1713 /* AppDelegate.swift in Sources */,
			);
			runOnlyForDeploymentPostprocessing = 0;
		};
/* End PBXSourcesBuildPhase section */

/* Begin PBXVariantGroup section */
		ABEAC16A216DB90D001A1713 /* Main.storyboard */ = {
			isa = PBXVariantGroup;
			children = (
				ABEAC16B216DB90D001A1713 /* Base */,
			);
			name = Main.storyboard;
			sourceTree = "<group>";
		};
		ABEAC16F216DB90F001A1713 /* LaunchScreen.storyboard */ = {
			isa = PBXVariantGroup;
			children = (
				ABEAC170216DB90F001A1713 /* Base */,
			);
			name = LaunchScreen.storyboard;
			sourceTree = "<group>";
		};
/* End PBXVariantGroup section */

/* Begin XCBuildConfiguration section */
		ABEAC173216DB90F001A1713 /* Debug */ = {
			isa = XCBuildConfiguration;
			buildSettings = {
				ALWAYS_SEARCH_USER_PATHS = NO;
				CLANG_ANALYZER_NONNULL = YES;
				CLANG_ANALYZER_NUMBER_OBJECT_CONVERSION = YES_AGGRESSIVE;
				CLANG_CXX_LANGUAGE_STANDARD = "gnu++14";
				CLANG_CXX_LIBRARY = "libc++";
				CLANG_ENABLE_MODULES = YES;
				CLANG_ENABLE_OBJC_ARC = YES;
				CLANG_ENABLE_OBJC_WEAK = YES;
				CLANG_WARN_BLOCK_CAPTURE_AUTORELEASING = YES;
				CLANG_WARN_BOOL_CONVERSION = YES;
				CLANG_WARN_COMMA = YES;
				CLANG_WARN_CONSTANT_CONVERSION = YES;
				CLANG_WARN_DEPRECATED_OBJC_IMPLEMENTATIONS = YES;
				CLANG_WARN_DIRECT_OBJC_ISA_USAGE = YES_ERROR;
				CLANG_WARN_DOCUMENTATION_COMMENTS = YES;
				CLANG_WARN_EMPTY_BODY = YES;
				CLANG_WARN_ENUM_CONVERSION = YES;
				CLANG_WARN_INFINITE_RECURSION = YES;
				CLANG_WARN_INT_CONVERSION = YES;
				CLANG_WARN_NON_LITERAL_NULL_CONVERSION = YES;
				CLANG_WARN_OBJC_IMPLICIT_RETAIN_SELF = YES;
				CLANG_WARN_OBJC_LITERAL_CONVERSION = YES;
				CLANG_WARN_OBJC_ROOT_CLASS = YES_ERROR;
				CLANG_WARN_RANGE_LOOP_ANALYSIS = YES;
				CLANG_WARN_STRICT_PROTOTYPES = YES;
				CLANG_WARN_SUSPICIOUS_MOVE = YES;
				CLANG_WARN_UNGUARDED_AVAILABILITY = YES_AGGRESSIVE;
				CLANG_WARN_UNREACHABLE_CODE = YES;
				CLANG_WARN__DUPLICATE_METHOD_MATCH = YES;
				CODE_SIGN_IDENTITY = "iPhone Developer";
				COPY_PHASE_STRIP = NO;
				DEBUG_INFORMATION_FORMAT = dwarf;
				ENABLE_STRICT_OBJC_MSGSEND = YES;
				ENABLE_TESTABILITY = YES;
				GCC_C_LANGUAGE_STANDARD = gnu11;
				GCC_DYNAMIC_NO_PIC = NO;
				GCC_NO_COMMON_BLOCKS = YES;
				GCC_OPTIMIZATION_LEVEL = 0;
				GCC_PREPROCESSOR_DEFINITIONS = (
					"DEBUG=1",
					"$(inherited)",
				);
				GCC_WARN_64_TO_32_BIT_CONVERSION = YES;
				GCC_WARN_ABOUT_RETURN_TYPE = YES_ERROR;
				GCC_WARN_UNDECLARED_SELECTOR = YES;
				GCC_WARN_UNINITIALIZED_AUTOS = YES_AGGRESSIVE;
				GCC_WARN_UNUSED_FUNCTION = YES;
				GCC_WARN_UNUSED_VARIABLE = YES;
				IPHONEOS_DEPLOYMENT_TARGET = 11.4;
				MTL_ENABLE_DEBUG_INFO = YES;
				ONLY_ACTIVE_ARCH = YES;
				SDKROOT = iphoneos;
				SWIFT_ACTIVE_COMPILATION_CONDITIONS = DEBUG;
				SWIFT_OPTIMIZATION_LEVEL = "-Onone";
			};
			name = Debug;
		};
		ABEAC174216DB90F001A1713 /* Release */ = {
			isa = XCBuildConfiguration;
			buildSettings = {
				ALWAYS_SEARCH_USER_PATHS = NO;
				CLANG_ANALYZER_NONNULL = YES;
				CLANG_ANALYZER_NUMBER_OBJECT_CONVERSION = YES_AGGRESSIVE;
				CLANG_CXX_LANGUAGE_STANDARD = "gnu++14";
				CLANG_CXX_LIBRARY = "libc++";
				CLANG_ENABLE_MODULES = YES;
				CLANG_ENABLE_OBJC_ARC = YES;
				CLANG_ENABLE_OBJC_WEAK = YES;
				CLANG_WARN_BLOCK_CAPTURE_AUTORELEASING = YES;
				CLANG_WARN_BOOL_CONVERSION = YES;
				CLANG_WARN_COMMA = YES;
				CLANG_WARN_CONSTANT_CONVERSION = YES;
				CLANG_WARN_DEPRECATED_OBJC_IMPLEMENTATIONS = YES;
				CLANG_WARN_DIRECT_OBJC_ISA_USAGE = YES_ERROR;
				CLANG_WARN_DOCUMENTATION_COMMENTS = YES;
				CLANG_WARN_EMPTY_BODY = YES;
				CLANG_WARN_ENUM_CONVERSION = YES;
				CLANG_WARN_INFINITE_RECURSION = YES;
				CLANG_WARN_INT_CONVERSION = YES;
				CLANG_WARN_NON_LITERAL_NULL_CONVERSION = YES;
				CLANG_WARN_OBJC_IMPLICIT_RETAIN_SELF = YES;
				CLANG_WARN_OBJC_LITERAL_CONVERSION = YES;
				CLANG_WARN_OBJC_ROOT_CLASS = YES_ERROR;
				CLANG_WARN_RANGE_LOOP_ANALYSIS = YES;
				CLANG_WARN_STRICT_PROTOTYPES = YES;
				CLANG_WARN_SUSPICIOUS_MOVE = YES;
				CLANG_WARN_UNGUARDED_AVAILABILITY = YES_AGGRESSIVE;
				CLANG_WARN_UNREACHABLE_CODE = YES;
				CLANG_WARN__DUPLICATE_METHOD_MATCH = YES;
				CODE_SIGN_IDENTITY = "iPhone Developer";
				COPY_PHASE_STRIP = NO;
				DEBUG_INFORMATION_FORMAT = "dwarf-with-dsym";
				ENABLE_NS_ASSERTIONS = NO;
				ENABLE_STRICT_OBJC_MSGSEND = YES;
				GCC_C_LANGUAGE_STANDARD = gnu11;
				GCC_NO_COMMON_BLOCKS = YES;
				GCC_WARN_64_TO_32_BIT_CONVERSION = YES;
				GCC_WARN_ABOUT_RETURN_TYPE = YES_ERROR;
				GCC_WARN_UNDECLARED_SELECTOR = YES;
				GCC_WARN_UNINITIALIZED_AUTOS = YES_AGGRESSIVE;
				GCC_WARN_UNUSED_FUNCTION = YES;
				GCC_WARN_UNUSED_VARIABLE = YES;
				IPHONEOS_DEPLOYMENT_TARGET = 11.4;
				MTL_ENABLE_DEBUG_INFO = NO;
				SDKROOT = iphoneos;
				SWIFT_COMPILATION_MODE = wholemodule;
				SWIFT_OPTIMIZATION_LEVEL = "-O";
				VALIDATE_PRODUCT = YES;
			};
			name = Release;
		};
		ABEAC176216DB90F001A1713 /* Debug */ = {
			isa = XCBuildConfiguration;
			baseConfigurationReference = F2D7EEA555F83C079864DA36 /* Pods-tutorialBasic.debug.xcconfig */;
			buildSettings = {
				ASSETCATALOG_COMPILER_APPICON_NAME = AppIcon;
				CODE_SIGN_STYLE = Automatic;
				DEVELOPMENT_TEAM = 9QQ82G2FQE;
				INFOPLIST_FILE = tutorialBasic/Info.plist;
				LD_RUNPATH_SEARCH_PATHS = (
					"$(inherited)",
					"@executable_path/Frameworks",
				);
				PRODUCT_BUNDLE_IDENTIFIER = com.tutorialBasic.ios.en.tutorialBasic;
				PRODUCT_NAME = "$(TARGET_NAME)";
				SWIFT_VERSION = 4.0;
				TARGETED_DEVICE_FAMILY = "1,2";
			};
			name = Debug;
		};
		ABEAC177216DB90F001A1713 /* Release */ = {
			isa = XCBuildConfiguration;
			baseConfigurationReference = 2D1A6A8F37D4B401687341F6 /* Pods-tutorialBasic.release.xcconfig */;
			buildSettings = {
				ASSETCATALOG_COMPILER_APPICON_NAME = AppIcon;
				CODE_SIGN_STYLE = Automatic;
				DEVELOPMENT_TEAM = 9QQ82G2FQE;
				INFOPLIST_FILE = tutorialBasic/Info.plist;
				LD_RUNPATH_SEARCH_PATHS = (
					"$(inherited)",
					"@executable_path/Frameworks",
				);
				PRODUCT_BUNDLE_IDENTIFIER = com.tutorialBasic.ios.en.tutorialBasic;
				PRODUCT_NAME = "$(TARGET_NAME)";
				SWIFT_VERSION = 4.0;
				TARGETED_DEVICE_FAMILY = "1,2";
			};
			name = Release;
		};
/* End XCBuildConfiguration section */

/* Begin XCConfigurationList section */
		ABEAC15E216DB90D001A1713 /* Build configuration list for PBXProject "tutorialBasic" */ = {
			isa = XCConfigurationList;
			buildConfigurations = (
				ABEAC173216DB90F001A1713 /* Debug */,
				ABEAC174216DB90F001A1713 /* Release */,
			);
			defaultConfigurationIsVisible = 0;
			defaultConfigurationName = Release;
		};
		ABEAC175216DB90F001A1713 /* Build configuration list for PBXNativeTarget "tutorialBasic" */ = {
			isa = XCConfigurationList;
			buildConfigurations = (
				ABEAC176216DB90F001A1713 /* Debug */,
				ABEAC177216DB90F001A1713 /* Release */,
			);
			defaultConfigurationIsVisible = 0;
			defaultConfigurationName = Release;
		};
/* End XCConfigurationList section */
	};
	rootObject = ABEAC15B216DB90D001A1713 /* Project object */;
}
